// !$*UTF8*$!
{
	archiveVersion = 1;
	classes = {
	};
	objectVersion = 55;
	objects = {

/* Begin PBXBuildFile section */
		61C0239229C42F9100421A48 /* AppDelegate.swift in Sources */ = {isa = PBXBuildFile; fileRef = 61C0239129C42F9100421A48 /* AppDelegate.swift */; };
		61C0239429C42F9100421A48 /* SceneDelegate.swift in Sources */ = {isa = PBXBuildFile; fileRef = 61C0239329C42F9100421A48 /* SceneDelegate.swift */; };
		61C0239629C42F9100421A48 /* ViewController.swift in Sources */ = {isa = PBXBuildFile; fileRef = 61C0239529C42F9100421A48 /* ViewController.swift */; };
		61C0239929C42F9100421A48 /* Main.storyboard in Resources */ = {isa = PBXBuildFile; fileRef = 61C0239729C42F9100421A48 /* Main.storyboard */; };
		61C0239B29C42F9300421A48 /* Assets.xcassets in Resources */ = {isa = PBXBuildFile; fileRef = 61C0239A29C42F9300421A48 /* Assets.xcassets */; };
		61C0239E29C42F9300421A48 /* LaunchScreen.storyboard in Resources */ = {isa = PBXBuildFile; fileRef = 61C0239C29C42F9300421A48 /* LaunchScreen.storyboard */; };
		61C023B929C4517700421A48 /* BKCardNumberField.m in Sources */ = {isa = PBXBuildFile; fileRef = 61C023A929C4517700421A48 /* BKCardNumberField.m */; };
		61C023BA29C4517700421A48 /* BKCardNumberFormatter.m in Sources */ = {isa = PBXBuildFile; fileRef = 61C023AA29C4517700421A48 /* BKCardNumberFormatter.m */; };
		61C023BB29C4517700421A48 /* BKForwardingTextField.m in Sources */ = {isa = PBXBuildFile; fileRef = 61C023AB29C4517700421A48 /* BKForwardingTextField.m */; };
		61C023BC29C4517700421A48 /* BKCardNumberLabel.m in Sources */ = {isa = PBXBuildFile; fileRef = 61C023AC29C4517700421A48 /* BKCardNumberLabel.m */; };
		61C023BD29C4517700421A48 /* BKMoneyKit.bundle in Resources */ = {isa = PBXBuildFile; fileRef = 61C023AF29C4517700421A48 /* BKMoneyKit.bundle */; };
		61C023BE29C4517700421A48 /* BKCardExpiryField.m in Sources */ = {isa = PBXBuildFile; fileRef = 61C023B129C4517700421A48 /* BKCardExpiryField.m */; };
		61C023BF29C4517700421A48 /* BKCardPatternInfo.m in Sources */ = {isa = PBXBuildFile; fileRef = 61C023B229C4517700421A48 /* BKCardPatternInfo.m */; };
		61C023C029C4517700421A48 /* BKMoneyUtils.m in Sources */ = {isa = PBXBuildFile; fileRef = 61C023B529C4517700421A48 /* BKMoneyUtils.m */; };
		61C023C129C4517700421A48 /* BKCurrencyTextField.m in Sources */ = {isa = PBXBuildFile; fileRef = 61C023B629C4517700421A48 /* BKCurrencyTextField.m */; };
		61C023C529C473D200421A48 /* AccountFieldTableViewCell.swift in Sources */ = {isa = PBXBuildFile; fileRef = 61C023C329C473D200421A48 /* AccountFieldTableViewCell.swift */; };
		61C023C629C473D200421A48 /* AccountFieldTableViewCell.xib in Resources */ = {isa = PBXBuildFile; fileRef = 61C023C429C473D200421A48 /* AccountFieldTableViewCell.xib */; };
		61C023C829C474AD00421A48 /* AddAccountViewController.swift in Sources */ = {isa = PBXBuildFile; fileRef = 61C023C729C474AD00421A48 /* AddAccountViewController.swift */; };
		6230F6E257129CB1CAA51486 /* Pods_DCSStripeConnect.framework in Frameworks */ = {isa = PBXBuildFile; fileRef = FA831A63587951E76F48F3EC /* Pods_DCSStripeConnect.framework */; };
/* End PBXBuildFile section */

/* Begin PBXFileReference section */
		61C0238E29C42F9100421A48 /* DCSStripeConnect.app */ = {isa = PBXFileReference; explicitFileType = wrapper.application; includeInIndex = 0; path = DCSStripeConnect.app; sourceTree = BUILT_PRODUCTS_DIR; };
		61C0239129C42F9100421A48 /* AppDelegate.swift */ = {isa = PBXFileReference; lastKnownFileType = sourcecode.swift; path = AppDelegate.swift; sourceTree = "<group>"; };
		61C0239329C42F9100421A48 /* SceneDelegate.swift */ = {isa = PBXFileReference; lastKnownFileType = sourcecode.swift; path = SceneDelegate.swift; sourceTree = "<group>"; };
		61C0239529C42F9100421A48 /* ViewController.swift */ = {isa = PBXFileReference; lastKnownFileType = sourcecode.swift; path = ViewController.swift; sourceTree = "<group>"; };
		61C0239829C42F9100421A48 /* Base */ = {isa = PBXFileReference; lastKnownFileType = file.storyboard; name = Base; path = Base.lproj/Main.storyboard; sourceTree = "<group>"; };
		61C0239A29C42F9300421A48 /* Assets.xcassets */ = {isa = PBXFileReference; lastKnownFileType = folder.assetcatalog; path = Assets.xcassets; sourceTree = "<group>"; };
		61C0239D29C42F9300421A48 /* Base */ = {isa = PBXFileReference; lastKnownFileType = file.storyboard; name = Base; path = Base.lproj/LaunchScreen.storyboard; sourceTree = "<group>"; };
		61C0239F29C42F9300421A48 /* Info.plist */ = {isa = PBXFileReference; lastKnownFileType = text.plist.xml; path = Info.plist; sourceTree = "<group>"; };
		61C023A729C4517700421A48 /* BKCardPatternInfo.h */ = {isa = PBXFileReference; fileEncoding = 4; lastKnownFileType = sourcecode.c.h; path = BKCardPatternInfo.h; sourceTree = "<group>"; };
		61C023A829C4517700421A48 /* BKCardExpiryField.h */ = {isa = PBXFileReference; fileEncoding = 4; lastKnownFileType = sourcecode.c.h; path = BKCardExpiryField.h; sourceTree = "<group>"; };
		61C023A929C4517700421A48 /* BKCardNumberField.m */ = {isa = PBXFileReference; fileEncoding = 4; lastKnownFileType = sourcecode.c.objc; path = BKCardNumberField.m; sourceTree = "<group>"; };
		61C023AA29C4517700421A48 /* BKCardNumberFormatter.m */ = {isa = PBXFileReference; fileEncoding = 4; lastKnownFileType = sourcecode.c.objc; path = BKCardNumberFormatter.m; sourceTree = "<group>"; };
		61C023AB29C4517700421A48 /* BKForwardingTextField.m */ = {isa = PBXFileReference; fileEncoding = 4; lastKnownFileType = sourcecode.c.objc; path = BKForwardingTextField.m; sourceTree = "<group>"; };
		61C023AC29C4517700421A48 /* BKCardNumberLabel.m */ = {isa = PBXFileReference; fileEncoding = 4; lastKnownFileType = sourcecode.c.objc; path = BKCardNumberLabel.m; sourceTree = "<group>"; };
		61C023AD29C4517700421A48 /* BKCurrencyTextField.h */ = {isa = PBXFileReference; fileEncoding = 4; lastKnownFileType = sourcecode.c.h; path = BKCurrencyTextField.h; sourceTree = "<group>"; };
		61C023AE29C4517700421A48 /* BKMoneyUtils.h */ = {isa = PBXFileReference; fileEncoding = 4; lastKnownFileType = sourcecode.c.h; path = BKMoneyUtils.h; sourceTree = "<group>"; };
		61C023AF29C4517700421A48 /* BKMoneyKit.bundle */ = {isa = PBXFileReference; lastKnownFileType = "wrapper.plug-in"; path = BKMoneyKit.bundle; sourceTree = "<group>"; };
		61C023B029C4517700421A48 /* BKCardNumberField.h */ = {isa = PBXFileReference; fileEncoding = 4; lastKnownFileType = sourcecode.c.h; path = BKCardNumberField.h; sourceTree = "<group>"; };
		61C023B129C4517700421A48 /* BKCardExpiryField.m */ = {isa = PBXFileReference; fileEncoding = 4; lastKnownFileType = sourcecode.c.objc; path = BKCardExpiryField.m; sourceTree = "<group>"; };
		61C023B229C4517700421A48 /* BKCardPatternInfo.m */ = {isa = PBXFileReference; fileEncoding = 4; lastKnownFileType = sourcecode.c.objc; path = BKCardPatternInfo.m; sourceTree = "<group>"; };
		61C023B329C4517700421A48 /* BKForwardingTextField.h */ = {isa = PBXFileReference; fileEncoding = 4; lastKnownFileType = sourcecode.c.h; path = BKForwardingTextField.h; sourceTree = "<group>"; };
		61C023B429C4517700421A48 /* BKCardNumberFormatter.h */ = {isa = PBXFileReference; fileEncoding = 4; lastKnownFileType = sourcecode.c.h; path = BKCardNumberFormatter.h; sourceTree = "<group>"; };
		61C023B529C4517700421A48 /* BKMoneyUtils.m */ = {isa = PBXFileReference; fileEncoding = 4; lastKnownFileType = sourcecode.c.objc; path = BKMoneyUtils.m; sourceTree = "<group>"; };
		61C023B629C4517700421A48 /* BKCurrencyTextField.m */ = {isa = PBXFileReference; fileEncoding = 4; lastKnownFileType = sourcecode.c.objc; path = BKCurrencyTextField.m; sourceTree = "<group>"; };
		61C023B729C4517700421A48 /* BKCardNumberLabel.h */ = {isa = PBXFileReference; fileEncoding = 4; lastKnownFileType = sourcecode.c.h; path = BKCardNumberLabel.h; sourceTree = "<group>"; };
		61C023B829C4517700421A48 /* BridgingHeader.h */ = {isa = PBXFileReference; fileEncoding = 4; lastKnownFileType = sourcecode.c.h; path = BridgingHeader.h; sourceTree = "<group>"; };
		61C023C329C473D200421A48 /* AccountFieldTableViewCell.swift */ = {isa = PBXFileReference; lastKnownFileType = sourcecode.swift; path = AccountFieldTableViewCell.swift; sourceTree = "<group>"; };
		61C023C429C473D200421A48 /* AccountFieldTableViewCell.xib */ = {isa = PBXFileReference; lastKnownFileType = file.xib; path = AccountFieldTableViewCell.xib; sourceTree = "<group>"; };
		61C023C729C474AD00421A48 /* AddAccountViewController.swift */ = {isa = PBXFileReference; lastKnownFileType = sourcecode.swift; path = AddAccountViewController.swift; sourceTree = "<group>"; };
		DACB73E1BE7C5C209C865972 /* Pods-DCSStripeConnect.release.xcconfig */ = {isa = PBXFileReference; includeInIndex = 1; lastKnownFileType = text.xcconfig; name = "Pods-DCSStripeConnect.release.xcconfig"; path = "Target Support Files/Pods-DCSStripeConnect/Pods-DCSStripeConnect.release.xcconfig"; sourceTree = "<group>"; };
		E7A333F591F7BDCA0C9298E1 /* Pods-DCSStripeConnect.debug.xcconfig */ = {isa = PBXFileReference; includeInIndex = 1; lastKnownFileType = text.xcconfig; name = "Pods-DCSStripeConnect.debug.xcconfig"; path = "Target Support Files/Pods-DCSStripeConnect/Pods-DCSStripeConnect.debug.xcconfig"; sourceTree = "<group>"; };
		FA831A63587951E76F48F3EC /* Pods_DCSStripeConnect.framework */ = {isa = PBXFileReference; explicitFileType = wrapper.framework; includeInIndex = 0; path = Pods_DCSStripeConnect.framework; sourceTree = BUILT_PRODUCTS_DIR; };
/* End PBXFileReference section */

/* Begin PBXFrameworksBuildPhase section */
		61C0238B29C42F9100421A48 /* Frameworks */ = {
			isa = PBXFrameworksBuildPhase;
			buildActionMask = 2147483647;
			files = (
				6230F6E257129CB1CAA51486 /* Pods_DCSStripeConnect.framework in Frameworks */,
			);
			runOnlyForDeploymentPostprocessing = 0;
		};
/* End PBXFrameworksBuildPhase section */

/* Begin PBXGroup section */
		006340356EABA69D3295F0A1 /* Pods */ = {
			isa = PBXGroup;
			children = (
				E7A333F591F7BDCA0C9298E1 /* Pods-DCSStripeConnect.debug.xcconfig */,
				DACB73E1BE7C5C209C865972 /* Pods-DCSStripeConnect.release.xcconfig */,
			);
			path = Pods;
			sourceTree = "<group>";
		};
		61C0238529C42F9100421A48 = {
			isa = PBXGroup;
			children = (
				61C0239029C42F9100421A48 /* DCSStripeConnect */,
				61C0238F29C42F9100421A48 /* Products */,
				006340356EABA69D3295F0A1 /* Pods */,
				ECFCF4C4DF9A52888F9D9962 /* Frameworks */,
			);
			sourceTree = "<group>";
		};
		61C0238F29C42F9100421A48 /* Products */ = {
			isa = PBXGroup;
			children = (
				61C0238E29C42F9100421A48 /* DCSStripeConnect.app */,
			);
			name = Products;
			sourceTree = "<group>";
		};
		61C0239029C42F9100421A48 /* DCSStripeConnect */ = {
			isa = PBXGroup;
			children = (
				61C023C229C473A700421A48 /* Cell */,
				61C023A629C4517700421A48 /* BKMoneyKit */,
				61C023B829C4517700421A48 /* BridgingHeader.h */,
				61C0239129C42F9100421A48 /* AppDelegate.swift */,
				61C0239329C42F9100421A48 /* SceneDelegate.swift */,
				61C0239529C42F9100421A48 /* ViewController.swift */,
				61C0239729C42F9100421A48 /* Main.storyboard */,
				61C0239A29C42F9300421A48 /* Assets.xcassets */,
				61C0239C29C42F9300421A48 /* LaunchScreen.storyboard */,
				61C0239F29C42F9300421A48 /* Info.plist */,
				61C023C729C474AD00421A48 /* AddAccountViewController.swift */,
			);
			path = DCSStripeConnect;
			sourceTree = "<group>";
		};
		61C023A629C4517700421A48 /* BKMoneyKit */ = {
			isa = PBXGroup;
			children = (
				61C023A729C4517700421A48 /* BKCardPatternInfo.h */,
				61C023A829C4517700421A48 /* BKCardExpiryField.h */,
				61C023A929C4517700421A48 /* BKCardNumberField.m */,
				61C023AA29C4517700421A48 /* BKCardNumberFormatter.m */,
				61C023AB29C4517700421A48 /* BKForwardingTextField.m */,
				61C023AC29C4517700421A48 /* BKCardNumberLabel.m */,
				61C023AD29C4517700421A48 /* BKCurrencyTextField.h */,
				61C023AE29C4517700421A48 /* BKMoneyUtils.h */,
				61C023AF29C4517700421A48 /* BKMoneyKit.bundle */,
				61C023B029C4517700421A48 /* BKCardNumberField.h */,
				61C023B129C4517700421A48 /* BKCardExpiryField.m */,
				61C023B229C4517700421A48 /* BKCardPatternInfo.m */,
				61C023B329C4517700421A48 /* BKForwardingTextField.h */,
				61C023B429C4517700421A48 /* BKCardNumberFormatter.h */,
				61C023B529C4517700421A48 /* BKMoneyUtils.m */,
				61C023B629C4517700421A48 /* BKCurrencyTextField.m */,
				61C023B729C4517700421A48 /* BKCardNumberLabel.h */,
			);
			path = BKMoneyKit;
			sourceTree = "<group>";
		};
		61C023C229C473A700421A48 /* Cell */ = {
			isa = PBXGroup;
			children = (
				61C023C329C473D200421A48 /* AccountFieldTableViewCell.swift */,
				61C023C429C473D200421A48 /* AccountFieldTableViewCell.xib */,
			);
			path = Cell;
			sourceTree = "<group>";
		};
		ECFCF4C4DF9A52888F9D9962 /* Frameworks */ = {
			isa = PBXGroup;
			children = (
				FA831A63587951E76F48F3EC /* Pods_DCSStripeConnect.framework */,
			);
			name = Frameworks;
			sourceTree = "<group>";
		};
/* End PBXGroup section */

/* Begin PBXNativeTarget section */
		61C0238D29C42F9100421A48 /* DCSStripeConnect */ = {
			isa = PBXNativeTarget;
			buildConfigurationList = 61C023A229C42F9300421A48 /* Build configuration list for PBXNativeTarget "DCSStripeConnect" */;
			buildPhases = (
				D14D84A45C453B6AD55C240F /* [CP] Check Pods Manifest.lock */,
				61C0238A29C42F9100421A48 /* Sources */,
				61C0238B29C42F9100421A48 /* Frameworks */,
				61C0238C29C42F9100421A48 /* Resources */,
				E807B7B3F96414C39DE5D841 /* [CP] Embed Pods Frameworks */,
			);
			buildRules = (
			);
			dependencies = (
			);
			name = DCSStripeConnect;
			productName = DCSStripeConnect;
			productReference = 61C0238E29C42F9100421A48 /* DCSStripeConnect.app */;
			productType = "com.apple.product-type.application";
		};
/* End PBXNativeTarget section */

/* Begin PBXProject section */
		61C0238629C42F9100421A48 /* Project object */ = {
			isa = PBXProject;
			attributes = {
				BuildIndependentTargetsInParallel = 1;
				LastSwiftUpdateCheck = 1400;
				LastUpgradeCheck = 1400;
				TargetAttributes = {
					61C0238D29C42F9100421A48 = {
						CreatedOnToolsVersion = 14.0.1;
					};
				};
			};
			buildConfigurationList = 61C0238929C42F9100421A48 /* Build configuration list for PBXProject "DCSStripeConnect" */;
			compatibilityVersion = "Xcode 13.0";
			developmentRegion = en;
			hasScannedForEncodings = 0;
			knownRegions = (
				en,
				Base,
			);
			mainGroup = 61C0238529C42F9100421A48;
			productRefGroup = 61C0238F29C42F9100421A48 /* Products */;
			projectDirPath = "";
			projectRoot = "";
			targets = (
				61C0238D29C42F9100421A48 /* DCSStripeConnect */,
			);
		};
/* End PBXProject section */

/* Begin PBXResourcesBuildPhase section */
		61C0238C29C42F9100421A48 /* Resources */ = {
			isa = PBXResourcesBuildPhase;
			buildActionMask = 2147483647;
			files = (
				61C0239E29C42F9300421A48 /* LaunchScreen.storyboard in Resources */,
				61C0239B29C42F9300421A48 /* Assets.xcassets in Resources */,
				61C023BD29C4517700421A48 /* BKMoneyKit.bundle in Resources */,
				61C0239929C42F9100421A48 /* Main.storyboard in Resources */,
				61C023C629C473D200421A48 /* AccountFieldTableViewCell.xib in Resources */,
			);
			runOnlyForDeploymentPostprocessing = 0;
		};
/* End PBXResourcesBuildPhase section */

/* Begin PBXShellScriptBuildPhase section */
		D14D84A45C453B6AD55C240F /* [CP] Check Pods Manifest.lock */ = {
			isa = PBXShellScriptBuildPhase;
			buildActionMask = 2147483647;
			files = (
			);
			inputFileListPaths = (
			);
			inputPaths = (
				"${PODS_PODFILE_DIR_PATH}/Podfile.lock",
				"${PODS_ROOT}/Manifest.lock",
			);
			name = "[CP] Check Pods Manifest.lock";
			outputFileListPaths = (
			);
			outputPaths = (
				"$(DERIVED_FILE_DIR)/Pods-DCSStripeConnect-checkManifestLockResult.txt",
			);
			runOnlyForDeploymentPostprocessing = 0;
			shellPath = /bin/sh;
			shellScript = "diff \"${PODS_PODFILE_DIR_PATH}/Podfile.lock\" \"${PODS_ROOT}/Manifest.lock\" > /dev/null\nif [ $? != 0 ] ; then\n    # print error to STDERR\n    echo \"error: The sandbox is not in sync with the Podfile.lock. Run 'pod install' or update your CocoaPods installation.\" >&2\n    exit 1\nfi\n# This output is used by Xcode 'outputs' to avoid re-running this script phase.\necho \"SUCCESS\" > \"${SCRIPT_OUTPUT_FILE_0}\"\n";
			showEnvVarsInLog = 0;
		};
		E807B7B3F96414C39DE5D841 /* [CP] Embed Pods Frameworks */ = {
			isa = PBXShellScriptBuildPhase;
			buildActionMask = 2147483647;
			files = (
			);
			inputFileListPaths = (
				"${PODS_ROOT}/Target Support Files/Pods-DCSStripeConnect/Pods-DCSStripeConnect-frameworks-${CONFIGURATION}-input-files.xcfilelist",
			);
			name = "[CP] Embed Pods Frameworks";
			outputFileListPaths = (
				"${PODS_ROOT}/Target Support Files/Pods-DCSStripeConnect/Pods-DCSStripeConnect-frameworks-${CONFIGURATION}-output-files.xcfilelist",
			);
			runOnlyForDeploymentPostprocessing = 0;
			shellPath = /bin/sh;
			shellScript = "\"${PODS_ROOT}/Target Support Files/Pods-DCSStripeConnect/Pods-DCSStripeConnect-frameworks.sh\"\n";
			showEnvVarsInLog = 0;
		};
/* End PBXShellScriptBuildPhase section */

/* Begin PBXSourcesBuildPhase section */
		61C0238A29C42F9100421A48 /* Sources */ = {
			isa = PBXSourcesBuildPhase;
			buildActionMask = 2147483647;
			files = (
				61C023BA29C4517700421A48 /* BKCardNumberFormatter.m in Sources */,
				61C023BB29C4517700421A48 /* BKForwardingTextField.m in Sources */,
				61C023BE29C4517700421A48 /* BKCardExpiryField.m in Sources */,
				61C023BC29C4517700421A48 /* BKCardNumberLabel.m in Sources */,
				61C023C129C4517700421A48 /* BKCurrencyTextField.m in Sources */,
				61C0239629C42F9100421A48 /* ViewController.swift in Sources */,
				61C023BF29C4517700421A48 /* BKCardPatternInfo.m in Sources */,
				61C0239229C42F9100421A48 /* AppDelegate.swift in Sources */,
				61C023C029C4517700421A48 /* BKMoneyUtils.m in Sources */,
				61C023B929C4517700421A48 /* BKCardNumberField.m in Sources */,
				61C023C529C473D200421A48 /* AccountFieldTableViewCell.swift in Sources */,
				61C023C829C474AD00421A48 /* AddAccountViewController.swift in Sources */,
				61C0239429C42F9100421A48 /* SceneDelegate.swift in Sources */,
			);
			runOnlyForDeploymentPostprocessing = 0;
		};
/* End PBXSourcesBuildPhase section */

/* Begin PBXVariantGroup section */
		61C0239729C42F9100421A48 /* Main.storyboard */ = {
			isa = PBXVariantGroup;
			children = (
				61C0239829C42F9100421A48 /* Base */,
			);
			name = Main.storyboard;
			sourceTree = "<group>";
		};
		61C0239C29C42F9300421A48 /* LaunchScreen.storyboard */ = {
			isa = PBXVariantGroup;
			children = (
				61C0239D29C42F9300421A48 /* Base */,
			);
			name = LaunchScreen.storyboard;
			sourceTree = "<group>";
		};
/* End PBXVariantGroup section */

/* Begin XCBuildConfiguration section */
		61C023A029C42F9300421A48 /* Debug */ = {
			isa = XCBuildConfiguration;
			buildSettings = {
				ALWAYS_SEARCH_USER_PATHS = NO;
				CLANG_ANALYZER_NONNULL = YES;
				CLANG_ANALYZER_NUMBER_OBJECT_CONVERSION = YES_AGGRESSIVE;
				CLANG_CXX_LANGUAGE_STANDARD = "gnu++20";
				CLANG_ENABLE_MODULES = YES;
				CLANG_ENABLE_OBJC_ARC = YES;
				CLANG_ENABLE_OBJC_WEAK = YES;
				CLANG_WARN_BLOCK_CAPTURE_AUTORELEASING = YES;
				CLANG_WARN_BOOL_CONVERSION = YES;
				CLANG_WARN_COMMA = YES;
				CLANG_WARN_CONSTANT_CONVERSION = YES;
				CLANG_WARN_DEPRECATED_OBJC_IMPLEMENTATIONS = YES;
				CLANG_WARN_DIRECT_OBJC_ISA_USAGE = YES_ERROR;
				CLANG_WARN_DOCUMENTATION_COMMENTS = YES;
				CLANG_WARN_EMPTY_BODY = YES;
				CLANG_WARN_ENUM_CONVERSION = YES;
				CLANG_WARN_INFINITE_RECURSION = YES;
				CLANG_WARN_INT_CONVERSION = YES;
				CLANG_WARN_NON_LITERAL_NULL_CONVERSION = YES;
				CLANG_WARN_OBJC_IMPLICIT_RETAIN_SELF = YES;
				CLANG_WARN_OBJC_LITERAL_CONVERSION = YES;
				CLANG_WARN_OBJC_ROOT_CLASS = YES_ERROR;
				CLANG_WARN_QUOTED_INCLUDE_IN_FRAMEWORK_HEADER = YES;
				CLANG_WARN_RANGE_LOOP_ANALYSIS = YES;
				CLANG_WARN_STRICT_PROTOTYPES = YES;
				CLANG_WARN_SUSPICIOUS_MOVE = YES;
				CLANG_WARN_UNGUARDED_AVAILABILITY = YES_AGGRESSIVE;
				CLANG_WARN_UNREACHABLE_CODE = YES;
				CLANG_WARN__DUPLICATE_METHOD_MATCH = YES;
				COPY_PHASE_STRIP = NO;
				DEBUG_INFORMATION_FORMAT = dwarf;
				ENABLE_STRICT_OBJC_MSGSEND = YES;
				ENABLE_TESTABILITY = YES;
				GCC_C_LANGUAGE_STANDARD = gnu11;
				GCC_DYNAMIC_NO_PIC = NO;
				GCC_NO_COMMON_BLOCKS = YES;
				GCC_OPTIMIZATION_LEVEL = 0;
				GCC_PREPROCESSOR_DEFINITIONS = (
					"DEBUG=1",
					"$(inherited)",
				);
				GCC_WARN_64_TO_32_BIT_CONVERSION = YES;
				GCC_WARN_ABOUT_RETURN_TYPE = YES_ERROR;
				GCC_WARN_UNDECLARED_SELECTOR = YES;
				GCC_WARN_UNINITIALIZED_AUTOS = YES_AGGRESSIVE;
				GCC_WARN_UNUSED_FUNCTION = YES;
				GCC_WARN_UNUSED_VARIABLE = YES;
				IPHONEOS_DEPLOYMENT_TARGET = 16.0;
				MTL_ENABLE_DEBUG_INFO = INCLUDE_SOURCE;
				MTL_FAST_MATH = YES;
				ONLY_ACTIVE_ARCH = YES;
				SDKROOT = iphoneos;
				SWIFT_ACTIVE_COMPILATION_CONDITIONS = DEBUG;
				SWIFT_OPTIMIZATION_LEVEL = "-Onone";
			};
			name = Debug;
		};
		61C023A129C42F9300421A48 /* Release */ = {
			isa = XCBuildConfiguration;
			buildSettings = {
				ALWAYS_SEARCH_USER_PATHS = NO;
				CLANG_ANALYZER_NONNULL = YES;
				CLANG_ANALYZER_NUMBER_OBJECT_CONVERSION = YES_AGGRESSIVE;
				CLANG_CXX_LANGUAGE_STANDARD = "gnu++20";
				CLANG_ENABLE_MODULES = YES;
				CLANG_ENABLE_OBJC_ARC = YES;
				CLANG_ENABLE_OBJC_WEAK = YES;
				CLANG_WARN_BLOCK_CAPTURE_AUTORELEASING = YES;
				CLANG_WARN_BOOL_CONVERSION = YES;
				CLANG_WARN_COMMA = YES;
				CLANG_WARN_CONSTANT_CONVERSION = YES;
				CLANG_WARN_DEPRECATED_OBJC_IMPLEMENTATIONS = YES;
				CLANG_WARN_DIRECT_OBJC_ISA_USAGE = YES_ERROR;
				CLANG_WARN_DOCUMENTATION_COMMENTS = YES;
				CLANG_WARN_EMPTY_BODY = YES;
				CLANG_WARN_ENUM_CONVERSION = YES;
				CLANG_WARN_INFINITE_RECURSION = YES;
				CLANG_WARN_INT_CONVERSION = YES;
				CLANG_WARN_NON_LITERAL_NULL_CONVERSION = YES;
				CLANG_WARN_OBJC_IMPLICIT_RETAIN_SELF = YES;
				CLANG_WARN_OBJC_LITERAL_CONVERSION = YES;
				CLANG_WARN_OBJC_ROOT_CLASS = YES_ERROR;
				CLANG_WARN_QUOTED_INCLUDE_IN_FRAMEWORK_HEADER = YES;
				CLANG_WARN_RANGE_LOOP_ANALYSIS = YES;
				CLANG_WARN_STRICT_PROTOTYPES = YES;
				CLANG_WARN_SUSPICIOUS_MOVE = YES;
				CLANG_WARN_UNGUARDED_AVAILABILITY = YES_AGGRESSIVE;
				CLANG_WARN_UNREACHABLE_CODE = YES;
				CLANG_WARN__DUPLICATE_METHOD_MATCH = YES;
				COPY_PHASE_STRIP = NO;
				DEBUG_INFORMATION_FORMAT = "dwarf-with-dsym";
				ENABLE_NS_ASSERTIONS = NO;
				ENABLE_STRICT_OBJC_MSGSEND = YES;
				GCC_C_LANGUAGE_STANDARD = gnu11;
				GCC_NO_COMMON_BLOCKS = YES;
				GCC_WARN_64_TO_32_BIT_CONVERSION = YES;
				GCC_WARN_ABOUT_RETURN_TYPE = YES_ERROR;
				GCC_WARN_UNDECLARED_SELECTOR = YES;
				GCC_WARN_UNINITIALIZED_AUTOS = YES_AGGRESSIVE;
				GCC_WARN_UNUSED_FUNCTION = YES;
				GCC_WARN_UNUSED_VARIABLE = YES;
				IPHONEOS_DEPLOYMENT_TARGET = 16.0;
				MTL_ENABLE_DEBUG_INFO = NO;
				MTL_FAST_MATH = YES;
				SDKROOT = iphoneos;
				SWIFT_COMPILATION_MODE = wholemodule;
				SWIFT_OPTIMIZATION_LEVEL = "-O";
				VALIDATE_PRODUCT = YES;
			};
			name = Release;
		};
		61C023A329C42F9300421A48 /* Debug */ = {
			isa = XCBuildConfiguration;
			baseConfigurationReference = E7A333F591F7BDCA0C9298E1 /* Pods-DCSStripeConnect.debug.xcconfig */;
			buildSettings = {
				ASSETCATALOG_COMPILER_APPICON_NAME = AppIcon;
				ASSETCATALOG_COMPILER_GLOBAL_ACCENT_COLOR_NAME = AccentColor;
				CODE_SIGN_STYLE = Automatic;
				CURRENT_PROJECT_VERSION = 1;
				DEVELOPMENT_TEAM = AJ67RUJC7P;
				GENERATE_INFOPLIST_FILE = YES;
				INFOPLIST_FILE = DCSStripeConnect/Info.plist;
				INFOPLIST_KEY_UIApplicationSupportsIndirectInputEvents = YES;
				INFOPLIST_KEY_UILaunchStoryboardName = LaunchScreen;
				INFOPLIST_KEY_UIMainStoryboardFile = Main;
				INFOPLIST_KEY_UISupportedInterfaceOrientations = UIInterfaceOrientationPortrait;
				LD_RUNPATH_SEARCH_PATHS = (
					"$(inherited)",
					"@executable_path/Frameworks",
				);
				MARKETING_VERSION = 1.0;
				PRODUCT_BUNDLE_IDENTIFIER = tecorb.DCSStripeConnect;
				PRODUCT_NAME = "$(TARGET_NAME)";
				SWIFT_EMIT_LOC_STRINGS = YES;
				SWIFT_VERSION = 5.0;
				TARGETED_DEVICE_FAMILY = "1,2";
			};
			name = Debug;
		};
		61C023A429C42F9300421A48 /* Release */ = {
			isa = XCBuildConfiguration;
			baseConfigurationReference = DACB73E1BE7C5C209C865972 /* Pods-DCSStripeConnect.release.xcconfig */;
			buildSettings = {
				ASSETCATALOG_COMPILER_APPICON_NAME = AppIcon;
				ASSETCATALOG_COMPILER_GLOBAL_ACCENT_COLOR_NAME = AccentColor;
				CODE_SIGN_STYLE = Automatic;
				CURRENT_PROJECT_VERSION = 1;
				DEVELOPMENT_TEAM = AJ67RUJC7P;
				GENERATE_INFOPLIST_FILE = YES;
				INFOPLIST_FILE = DCSStripeConnect/Info.plist;
				INFOPLIST_KEY_UIApplicationSupportsIndirectInputEvents = YES;
				INFOPLIST_KEY_UILaunchStoryboardName = LaunchScreen;
				INFOPLIST_KEY_UIMainStoryboardFile = Main;
				INFOPLIST_KEY_UISupportedInterfaceOrientations = UIInterfaceOrientationPortrait;
				LD_RUNPATH_SEARCH_PATHS = (
					"$(inherited)",
					"@executable_path/Frameworks",
				);
				MARKETING_VERSION = 1.0;
				PRODUCT_BUNDLE_IDENTIFIER = tecorb.DCSStripeConnect;
				PRODUCT_NAME = "$(TARGET_NAME)";
				SWIFT_EMIT_LOC_STRINGS = YES;
				SWIFT_VERSION = 5.0;
				TARGETED_DEVICE_FAMILY = "1,2";
			};
			name = Release;
		};
/* End XCBuildConfiguration section */

/* Begin XCConfigurationList section */
		61C0238929C42F9100421A48 /* Build configuration list for PBXProject "DCSStripeConnect" */ = {
			isa = XCConfigurationList;
			buildConfigurations = (
				61C023A029C42F9300421A48 /* Debug */,
				61C023A129C42F9300421A48 /* Release */,
			);
			defaultConfigurationIsVisible = 0;
			defaultConfigurationName = Release;
		};
		61C023A229C42F9300421A48 /* Build configuration list for PBXNativeTarget "DCSStripeConnect" */ = {
			isa = XCConfigurationList;
			buildConfigurations = (
				61C023A329C42F9300421A48 /* Debug */,
				61C023A429C42F9300421A48 /* Release */,
			);
			defaultConfigurationIsVisible = 0;
			defaultConfigurationName = Release;
		};
/* End XCConfigurationList section */
	};
	rootObject = 61C0238629C42F9100421A48 /* Project object */;
}
